
Microsoft Visual Studio Solution File, Format Version 12.00
# Visual Studio Version 17
VisualStudioVersion = 17.5.33424.131
MinimumVisualStudioVersion = 10.0.40219.1
Project("{FAE04EC0-301F-11D3-BF4B-00C04F79EFBC}") = "PlaywrightWithNunit", "PlaywrightWithNunit\PlaywrightWithNunit.csproj", "{FBDD9261-F76E-45D5-AE8E-390F143A779D}"
EndProject
Global
	GlobalSection(SolutionConfigurationPlatforms) = preSolution
		Debug|Any CPU = Debug|Any CPU
		Release|Any CPU = Release|Any CPU
	EndGlobalSection
	GlobalSection(ProjectConfigurationPlatforms) = postSolution
		{FBDD9261-F76E-45D5-AE8E-390F143A779D}.Debug|Any CPU.ActiveCfg = Debug|Any CPU
		{FBDD9261-F76E-45D5-AE8E-390F143A779D}.Debug|Any CPU.Build.0 = Debug|Any CPU
		{FBDD9261-F76E-45D5-AE8E-390F143A779D}.Release|Any CPU.ActiveCfg = Release|Any CPU
		{FBDD9261-F76E-45D5-AE8E-390F143A779D}.Release|Any CPU.Build.0 = Release|Any CPU
	EndGlobalSection
	GlobalSection(SolutionProperties) = preSolution
		HideSolutionNode = FALSE
	EndGlobalSection
	GlobalSection(ExtensibilityGlobals) = postSolution
		SolutionGuid = {3D23D25F-076B-43F0-A82A-F5FFD6BAC3D1}
	EndGlobalSection
EndGlobal
